
Microsoft Visual Studio Solution File, Format Version 12.00
# Visual Studio Version 17
VisualStudioVersion = 17.9.34622.214
MinimumVisualStudioVersion = 10.0.40219.1
Project("{FAE04EC0-301F-11D3-BF4B-00C04F79EFBC}") = "Задача", "Задача\Задача.csproj", "{C8666D4D-66B2-4294-BAA9-DF4E7844D310}"
EndProject
Global
	GlobalSection(SolutionConfigurationPlatforms) = preSolution
		Debug|Any CPU = Debug|Any CPU
		Release|Any CPU = Release|Any CPU
	EndGlobalSection
	GlobalSection(ProjectConfigurationPlatforms) = postSolution
		{C8666D4D-66B2-4294-BAA9-DF4E7844D310}.Debug|Any CPU.ActiveCfg = Debug|Any CPU
		{C8666D4D-66B2-4294-BAA9-DF4E7844D310}.Debug|Any CPU.Build.0 = Debug|Any CPU
		{C8666D4D-66B2-4294-BAA9-DF4E7844D310}.Release|Any CPU.ActiveCfg = Release|Any CPU
		{C8666D4D-66B2-4294-BAA9-DF4E7844D310}.Release|Any CPU.Build.0 = Release|Any CPU
	EndGlobalSection
	GlobalSection(SolutionProperties) = preSolution
		HideSolutionNode = FALSE
	EndGlobalSection
	GlobalSection(ExtensibilityGlobals) = postSolution
		SolutionGuid = {6BE03222-EDF6-4A28-81A9-D6ADEE0EA48F}
	EndGlobalSection
EndGlobal
